
Microsoft Visual Studio Solution File, Format Version 12.00
# Visual Studio Version 17
VisualStudioVersion = 17.0.32112.339
MinimumVisualStudioVersion = 10.0.40219.1
Project("{FAE04EC0-301F-11D3-BF4B-00C04F79EFBC}") = "ConversionCalculator", "ConversionCalculator.csproj", "{A69A2601-5774-4037-9262-215EDD131BB3}"
EndProject
Global
	GlobalSection(SolutionConfigurationPlatforms) = preSolution
		Debug|Any CPU = Debug|Any CPU
		Release|Any CPU = Release|Any CPU
	EndGlobalSection
	GlobalSection(ProjectConfigurationPlatforms) = postSolution
		{A69A2601-5774-4037-9262-215EDD131BB3}.Debug|Any CPU.ActiveCfg = Debug|Any CPU
		{A69A2601-5774-4037-9262-215EDD131BB3}.Debug|Any CPU.Build.0 = Debug|Any CPU
		{A69A2601-5774-4037-9262-215EDD131BB3}.Release|Any CPU.ActiveCfg = Release|Any CPU
		{A69A2601-5774-4037-9262-215EDD131BB3}.Release|Any CPU.Build.0 = Release|Any CPU
	EndGlobalSection
	GlobalSection(SolutionProperties) = preSolution
		HideSolutionNode = FALSE
	EndGlobalSection
	GlobalSection(ExtensibilityGlobals) = postSolution
		SolutionGuid = {3B9E912E-0988-4725-AD8D-23ECFB8B3F44}
	EndGlobalSection
EndGlobal
